// !$*UTF8*$!
{
	archiveVersion = 1;
	classes = {
	};
	objectVersion = 50;
	objects = {

/* Begin PBXBuildFile section */
		FB0C32F82323E912000DB061 /* AppDelegate.swift in Sources */ = {isa = PBXBuildFile; fileRef = FB0C32F72323E912000DB061 /* AppDelegate.swift */; };
		FB0C32FA2323E913000DB061 /* ViewController.swift in Sources */ = {isa = PBXBuildFile; fileRef = FB0C32F92323E913000DB061 /* ViewController.swift */; };
		FB0C32FD2323E913000DB061 /* Main.storyboard in Resources */ = {isa = PBXBuildFile; fileRef = FB0C32FB2323E913000DB061 /* Main.storyboard */; };
		FB0C32FF2323E914000DB061 /* Assets.xcassets in Resources */ = {isa = PBXBuildFile; fileRef = FB0C32FE2323E914000DB061 /* Assets.xcassets */; };
		FB0C33022323E914000DB061 /* LaunchScreen.storyboard in Resources */ = {isa = PBXBuildFile; fileRef = FB0C33002323E914000DB061 /* LaunchScreen.storyboard */; };
		FB0C330D2323E914000DB061 /* FlickerAPPTests.swift in Sources */ = {isa = PBXBuildFile; fileRef = FB0C330C2323E914000DB061 /* FlickerAPPTests.swift */; };
		FB0C33182323E914000DB061 /* FlickerAPPUITests.swift in Sources */ = {isa = PBXBuildFile; fileRef = FB0C33172323E914000DB061 /* FlickerAPPUITests.swift */; };
		FB0C33282323ECA6000DB061 /* Constants.swift in Sources */ = {isa = PBXBuildFile; fileRef = FB0C33272323ECA6000DB061 /* Constants.swift */; };
/* End PBXBuildFile section */

/* Begin PBXContainerItemProxy section */
		FB0C33092323E914000DB061 /* PBXContainerItemProxy */ = {
			isa = PBXContainerItemProxy;
			containerPortal = FB0C32EC2323E912000DB061 /* Project object */;
			proxyType = 1;
			remoteGlobalIDString = FB0C32F32323E912000DB061;
			remoteInfo = FlickerAPP;
		};
		FB0C33142323E914000DB061 /* PBXContainerItemProxy */ = {
			isa = PBXContainerItemProxy;
			containerPortal = FB0C32EC2323E912000DB061 /* Project object */;
			proxyType = 1;
			remoteGlobalIDString = FB0C32F32323E912000DB061;
			remoteInfo = FlickerAPP;
		};
/* End PBXContainerItemProxy section */

/* Begin PBXFileReference section */
		FB0C32F42323E912000DB061 /* FlickerAPP.app */ = {isa = PBXFileReference; explicitFileType = wrapper.application; includeInIndex = 0; path = FlickerAPP.app; sourceTree = BUILT_PRODUCTS_DIR; };
		FB0C32F72323E912000DB061 /* AppDelegate.swift */ = {isa = PBXFileReference; lastKnownFileType = sourcecode.swift; path = AppDelegate.swift; sourceTree = "<group>"; };
		FB0C32F92323E913000DB061 /* ViewController.swift */ = {isa = PBXFileReference; lastKnownFileType = sourcecode.swift; path = ViewController.swift; sourceTree = "<group>"; };
		FB0C32FC2323E913000DB061 /* Base */ = {isa = PBXFileReference; lastKnownFileType = file.storyboard; name = Base; path = Base.lproj/Main.storyboard; sourceTree = "<group>"; };
		FB0C32FE2323E914000DB061 /* Assets.xcassets */ = {isa = PBXFileReference; lastKnownFileType = folder.assetcatalog; path = Assets.xcassets; sourceTree = "<group>"; };
		FB0C33012323E914000DB061 /* Base */ = {isa = PBXFileReference; lastKnownFileType = file.storyboard; name = Base; path = Base.lproj/LaunchScreen.storyboard; sourceTree = "<group>"; };
		FB0C33032323E914000DB061 /* Info.plist */ = {isa = PBXFileReference; lastKnownFileType = text.plist.xml; path = Info.plist; sourceTree = "<group>"; };
		FB0C33082323E914000DB061 /* FlickerAPPTests.xctest */ = {isa = PBXFileReference; explicitFileType = wrapper.cfbundle; includeInIndex = 0; path = FlickerAPPTests.xctest; sourceTree = BUILT_PRODUCTS_DIR; };
		FB0C330C2323E914000DB061 /* FlickerAPPTests.swift */ = {isa = PBXFileReference; lastKnownFileType = sourcecode.swift; path = FlickerAPPTests.swift; sourceTree = "<group>"; };
		FB0C330E2323E914000DB061 /* Info.plist */ = {isa = PBXFileReference; lastKnownFileType = text.plist.xml; path = Info.plist; sourceTree = "<group>"; };
		FB0C33132323E914000DB061 /* FlickerAPPUITests.xctest */ = {isa = PBXFileReference; explicitFileType = wrapper.cfbundle; includeInIndex = 0; path = FlickerAPPUITests.xctest; sourceTree = BUILT_PRODUCTS_DIR; };
		FB0C33172323E914000DB061 /* FlickerAPPUITests.swift */ = {isa = PBXFileReference; lastKnownFileType = sourcecode.swift; path = FlickerAPPUITests.swift; sourceTree = "<group>"; };
		FB0C33192323E914000DB061 /* Info.plist */ = {isa = PBXFileReference; lastKnownFileType = text.plist.xml; path = Info.plist; sourceTree = "<group>"; };
		FB0C33272323ECA6000DB061 /* Constants.swift */ = {isa = PBXFileReference; lastKnownFileType = sourcecode.swift; path = Constants.swift; sourceTree = "<group>"; };
/* End PBXFileReference section */

/* Begin PBXFrameworksBuildPhase section */
		FB0C32F12323E912000DB061 /* Frameworks */ = {
			isa = PBXFrameworksBuildPhase;
			buildActionMask = 2147483647;
			files = (
			);
			runOnlyForDeploymentPostprocessing = 0;
		};
		FB0C33052323E914000DB061 /* Frameworks */ = {
			isa = PBXFrameworksBuildPhase;
			buildActionMask = 2147483647;
			files = (
			);
			runOnlyForDeploymentPostprocessing = 0;
		};
		FB0C33102323E914000DB061 /* Frameworks */ = {
			isa = PBXFrameworksBuildPhase;
			buildActionMask = 2147483647;
			files = (
			);
			runOnlyForDeploymentPostprocessing = 0;
		};
/* End PBXFrameworksBuildPhase section */

/* Begin PBXGroup section */
		FB0C32EB2323E912000DB061 = {
			isa = PBXGroup;
			children = (
				FB0C32F62323E912000DB061 /* FlickerAPP */,
				FB0C330B2323E914000DB061 /* FlickerAPPTests */,
				FB0C33162323E914000DB061 /* FlickerAPPUITests */,
				FB0C32F52323E912000DB061 /* Products */,
			);
			sourceTree = "<group>";
		};
		FB0C32F52323E912000DB061 /* Products */ = {
			isa = PBXGroup;
			children = (
				FB0C32F42323E912000DB061 /* FlickerAPP.app */,
				FB0C33082323E914000DB061 /* FlickerAPPTests.xctest */,
				FB0C33132323E914000DB061 /* FlickerAPPUITests.xctest */,
			);
			name = Products;
			sourceTree = "<group>";
		};
		FB0C32F62323E912000DB061 /* FlickerAPP */ = {
			isa = PBXGroup;
			children = (
				FB0C32F72323E912000DB061 /* AppDelegate.swift */,
				FB0C32F92323E913000DB061 /* ViewController.swift */,
				FB0C33272323ECA6000DB061 /* Constants.swift */,
				FB0C32FB2323E913000DB061 /* Main.storyboard */,
				FB0C32FE2323E914000DB061 /* Assets.xcassets */,
				FB0C33002323E914000DB061 /* LaunchScreen.storyboard */,
				FB0C33032323E914000DB061 /* Info.plist */,
			);
			path = FlickerAPP;
			sourceTree = "<group>";
		};
		FB0C330B2323E914000DB061 /* FlickerAPPTests */ = {
			isa = PBXGroup;
			children = (
				FB0C330C2323E914000DB061 /* FlickerAPPTests.swift */,
				FB0C330E2323E914000DB061 /* Info.plist */,
			);
			path = FlickerAPPTests;
			sourceTree = "<group>";
		};
		FB0C33162323E914000DB061 /* FlickerAPPUITests */ = {
			isa = PBXGroup;
			children = (
				FB0C33172323E914000DB061 /* FlickerAPPUITests.swift */,
				FB0C33192323E914000DB061 /* Info.plist */,
			);
			path = FlickerAPPUITests;
			sourceTree = "<group>";
		};
/* End PBXGroup section */

/* Begin PBXNativeTarget section */
		FB0C32F32323E912000DB061 /* FlickerAPP */ = {
			isa = PBXNativeTarget;
			buildConfigurationList = FB0C331C2323E914000DB061 /* Build configuration list for PBXNativeTarget "FlickerAPP" */;
			buildPhases = (
				FB0C32F02323E912000DB061 /* Sources */,
				FB0C32F12323E912000DB061 /* Frameworks */,
				FB0C32F22323E912000DB061 /* Resources */,
			);
			buildRules = (
			);
			dependencies = (
			);
			name = FlickerAPP;
			productName = FlickerAPP;
			productReference = FB0C32F42323E912000DB061 /* FlickerAPP.app */;
			productType = "com.apple.product-type.application";
		};
		FB0C33072323E914000DB061 /* FlickerAPPTests */ = {
			isa = PBXNativeTarget;
			buildConfigurationList = FB0C331F2323E914000DB061 /* Build configuration list for PBXNativeTarget "FlickerAPPTests" */;
			buildPhases = (
				FB0C33042323E914000DB061 /* Sources */,
				FB0C33052323E914000DB061 /* Frameworks */,
				FB0C33062323E914000DB061 /* Resources */,
			);
			buildRules = (
			);
			dependencies = (
				FB0C330A2323E914000DB061 /* PBXTargetDependency */,
			);
			name = FlickerAPPTests;
			productName = FlickerAPPTests;
			productReference = FB0C33082323E914000DB061 /* FlickerAPPTests.xctest */;
			productType = "com.apple.product-type.bundle.unit-test";
		};
		FB0C33122323E914000DB061 /* FlickerAPPUITests */ = {
			isa = PBXNativeTarget;
			buildConfigurationList = FB0C33222323E914000DB061 /* Build configuration list for PBXNativeTarget "FlickerAPPUITests" */;
			buildPhases = (
				FB0C330F2323E914000DB061 /* Sources */,
				FB0C33102323E914000DB061 /* Frameworks */,
				FB0C33112323E914000DB061 /* Resources */,
			);
			buildRules = (
			);
			dependencies = (
				FB0C33152323E914000DB061 /* PBXTargetDependency */,
			);
			name = FlickerAPPUITests;
			productName = FlickerAPPUITests;
			productReference = FB0C33132323E914000DB061 /* FlickerAPPUITests.xctest */;
			productType = "com.apple.product-type.bundle.ui-testing";
		};
/* End PBXNativeTarget section */

/* Begin PBXProject section */
		FB0C32EC2323E912000DB061 /* Project object */ = {
			isa = PBXProject;
			attributes = {
				LastSwiftUpdateCheck = 1030;
				LastUpgradeCheck = 1030;
				ORGANIZATIONNAME = "Onur AKÇAY";
				TargetAttributes = {
					FB0C32F32323E912000DB061 = {
						CreatedOnToolsVersion = 10.3;
					};
					FB0C33072323E914000DB061 = {
						CreatedOnToolsVersion = 10.3;
						TestTargetID = FB0C32F32323E912000DB061;
					};
					FB0C33122323E914000DB061 = {
						CreatedOnToolsVersion = 10.3;
						TestTargetID = FB0C32F32323E912000DB061;
					};
				};
			};
			buildConfigurationList = FB0C32EF2323E912000DB061 /* Build configuration list for PBXProject "FlickerAPP" */;
			compatibilityVersion = "Xcode 9.3";
			developmentRegion = en;
			hasScannedForEncodings = 0;
			knownRegions = (
				en,
				Base,
			);
			mainGroup = FB0C32EB2323E912000DB061;
			productRefGroup = FB0C32F52323E912000DB061 /* Products */;
			projectDirPath = "";
			projectRoot = "";
			targets = (
				FB0C32F32323E912000DB061 /* FlickerAPP */,
				FB0C33072323E914000DB061 /* FlickerAPPTests */,
				FB0C33122323E914000DB061 /* FlickerAPPUITests */,
			);
		};
/* End PBXProject section */

/* Begin PBXResourcesBuildPhase section */
		FB0C32F22323E912000DB061 /* Resources */ = {
			isa = PBXResourcesBuildPhase;
			buildActionMask = 2147483647;
			files = (
				FB0C33022323E914000DB061 /* LaunchScreen.storyboard in Resources */,
				FB0C32FF2323E914000DB061 /* Assets.xcassets in Resources */,
				FB0C32FD2323E913000DB061 /* Main.storyboard in Resources */,
			);
			runOnlyForDeploymentPostprocessing = 0;
		};
		FB0C33062323E914000DB061 /* Resources */ = {
			isa = PBXResourcesBuildPhase;
			buildActionMask = 2147483647;
			files = (
			);
			runOnlyForDeploymentPostprocessing = 0;
		};
		FB0C33112323E914000DB061 /* Resources */ = {
			isa = PBXResourcesBuildPhase;
			buildActionMask = 2147483647;
			files = (
			);
			runOnlyForDeploymentPostprocessing = 0;
		};
/* End PBXResourcesBuildPhase section */

/* Begin PBXSourcesBuildPhase section */
		FB0C32F02323E912000DB061 /* Sources */ = {
			isa = PBXSourcesBuildPhase;
			buildActionMask = 2147483647;
			files = (
				FB0C32FA2323E913000DB061 /* ViewController.swift in Sources */,
				FB0C32F82323E912000DB061 /* AppDelegate.swift in Sources */,
				FB0C33282323ECA6000DB061 /* Constants.swift in Sources */,
			);
			runOnlyForDeploymentPostprocessing = 0;
		};
		FB0C33042323E914000DB061 /* Sources */ = {
			isa = PBXSourcesBuildPhase;
			buildActionMask = 2147483647;
			files = (
				FB0C330D2323E914000DB061 /* FlickerAPPTests.swift in Sources */,
			);
			runOnlyForDeploymentPostprocessing = 0;
		};
		FB0C330F2323E914000DB061 /* Sources */ = {
			isa = PBXSourcesBuildPhase;
			buildActionMask = 2147483647;
			files = (
				FB0C33182323E914000DB061 /* FlickerAPPUITests.swift in Sources */,
			);
			runOnlyForDeploymentPostprocessing = 0;
		};
/* End PBXSourcesBuildPhase section */

/* Begin PBXTargetDependency section */
		FB0C330A2323E914000DB061 /* PBXTargetDependency */ = {
			isa = PBXTargetDependency;
			target = FB0C32F32323E912000DB061 /* FlickerAPP */;
			targetProxy = FB0C33092323E914000DB061 /* PBXContainerItemProxy */;
		};
		FB0C33152323E914000DB061 /* PBXTargetDependency */ = {
			isa = PBXTargetDependency;
			target = FB0C32F32323E912000DB061 /* FlickerAPP */;
			targetProxy = FB0C33142323E914000DB061 /* PBXContainerItemProxy */;
		};
/* End PBXTargetDependency section */

/* Begin PBXVariantGroup section */
		FB0C32FB2323E913000DB061 /* Main.storyboard */ = {
			isa = PBXVariantGroup;
			children = (
				FB0C32FC2323E913000DB061 /* Base */,
			);
			name = Main.storyboard;
			sourceTree = "<group>";
		};
		FB0C33002323E914000DB061 /* LaunchScreen.storyboard */ = {
			isa = PBXVariantGroup;
			children = (
				FB0C33012323E914000DB061 /* Base */,
			);
			name = LaunchScreen.storyboard;
			sourceTree = "<group>";
		};
/* End PBXVariantGroup section */

/* Begin XCBuildConfiguration section */
		FB0C331A2323E914000DB061 /* Debug */ = {
			isa = XCBuildConfiguration;
			buildSettings = {
				ALWAYS_SEARCH_USER_PATHS = NO;
				CLANG_ANALYZER_NONNULL = YES;
				CLANG_ANALYZER_NUMBER_OBJECT_CONVERSION = YES_AGGRESSIVE;
				CLANG_CXX_LANGUAGE_STANDARD = "gnu++14";
				CLANG_CXX_LIBRARY = "libc++";
				CLANG_ENABLE_MODULES = YES;
				CLANG_ENABLE_OBJC_ARC = YES;
				CLANG_ENABLE_OBJC_WEAK = YES;
				CLANG_WARN_BLOCK_CAPTURE_AUTORELEASING = YES;
				CLANG_WARN_BOOL_CONVERSION = YES;
				CLANG_WARN_COMMA = YES;
				CLANG_WARN_CONSTANT_CONVERSION = YES;
				CLANG_WARN_DEPRECATED_OBJC_IMPLEMENTATIONS = YES;
				CLANG_WARN_DIRECT_OBJC_ISA_USAGE = YES_ERROR;
				CLANG_WARN_DOCUMENTATION_COMMENTS = YES;
				CLANG_WARN_EMPTY_BODY = YES;
				CLANG_WARN_ENUM_CONVERSION = YES;
				CLANG_WARN_INFINITE_RECURSION = YES;
				CLANG_WARN_INT_CONVERSION = YES;
				CLANG_WARN_NON_LITERAL_NULL_CONVERSION = YES;
				CLANG_WARN_OBJC_IMPLICIT_RETAIN_SELF = YES;
				CLANG_WARN_OBJC_LITERAL_CONVERSION = YES;
				CLANG_WARN_OBJC_ROOT_CLASS = YES_ERROR;
				CLANG_WARN_RANGE_LOOP_ANALYSIS = YES;
				CLANG_WARN_STRICT_PROTOTYPES = YES;
				CLANG_WARN_SUSPICIOUS_MOVE = YES;
				CLANG_WARN_UNGUARDED_AVAILABILITY = YES_AGGRESSIVE;
				CLANG_WARN_UNREACHABLE_CODE = YES;
				CLANG_WARN__DUPLICATE_METHOD_MATCH = YES;
				CODE_SIGN_IDENTITY = "iPhone Developer";
				COPY_PHASE_STRIP = NO;
				DEBUG_INFORMATION_FORMAT = dwarf;
				ENABLE_STRICT_OBJC_MSGSEND = YES;
				ENABLE_TESTABILITY = YES;
				GCC_C_LANGUAGE_STANDARD = gnu11;
				GCC_DYNAMIC_NO_PIC = NO;
				GCC_NO_COMMON_BLOCKS = YES;
				GCC_OPTIMIZATION_LEVEL = 0;
				GCC_PREPROCESSOR_DEFINITIONS = (
					"DEBUG=1",
					"$(inherited)",
				);
				GCC_WARN_64_TO_32_BIT_CONVERSION = YES;
				GCC_WARN_ABOUT_RETURN_TYPE = YES_ERROR;
				GCC_WARN_UNDECLARED_SELECTOR = YES;
				GCC_WARN_UNINITIALIZED_AUTOS = YES_AGGRESSIVE;
				GCC_WARN_UNUSED_FUNCTION = YES;
				GCC_WARN_UNUSED_VARIABLE = YES;
				IPHONEOS_DEPLOYMENT_TARGET = 12.4;
				MTL_ENABLE_DEBUG_INFO = INCLUDE_SOURCE;
				MTL_FAST_MATH = YES;
				ONLY_ACTIVE_ARCH = YES;
				SDKROOT = iphoneos;
				SWIFT_ACTIVE_COMPILATION_CONDITIONS = DEBUG;
				SWIFT_OPTIMIZATION_LEVEL = "-Onone";
			};
			name = Debug;
		};
		FB0C331B2323E914000DB061 /* Release */ = {
			isa = XCBuildConfiguration;
			buildSettings = {
				ALWAYS_SEARCH_USER_PATHS = NO;
				CLANG_ANALYZER_NONNULL = YES;
				CLANG_ANALYZER_NUMBER_OBJECT_CONVERSION = YES_AGGRESSIVE;
				CLANG_CXX_LANGUAGE_STANDARD = "gnu++14";
				CLANG_CXX_LIBRARY = "libc++";
				CLANG_ENABLE_MODULES = YES;
				CLANG_ENABLE_OBJC_ARC = YES;
				CLANG_ENABLE_OBJC_WEAK = YES;
				CLANG_WARN_BLOCK_CAPTURE_AUTORELEASING = YES;
				CLANG_WARN_BOOL_CONVERSION = YES;
				CLANG_WARN_COMMA = YES;
				CLANG_WARN_CONSTANT_CONVERSION = YES;
				CLANG_WARN_DEPRECATED_OBJC_IMPLEMENTATIONS = YES;
				CLANG_WARN_DIRECT_OBJC_ISA_USAGE = YES_ERROR;
				CLANG_WARN_DOCUMENTATION_COMMENTS = YES;
				CLANG_WARN_EMPTY_BODY = YES;
				CLANG_WARN_ENUM_CONVERSION = YES;
				CLANG_WARN_INFINITE_RECURSION = YES;
				CLANG_WARN_INT_CONVERSION = YES;
				CLANG_WARN_NON_LITERAL_NULL_CONVERSION = YES;
				CLANG_WARN_OBJC_IMPLICIT_RETAIN_SELF = YES;
				CLANG_WARN_OBJC_LITERAL_CONVERSION = YES;
				CLANG_WARN_OBJC_ROOT_CLASS = YES_ERROR;
				CLANG_WARN_RANGE_LOOP_ANALYSIS = YES;
				CLANG_WARN_STRICT_PROTOTYPES = YES;
				CLANG_WARN_SUSPICIOUS_MOVE = YES;
				CLANG_WARN_UNGUARDED_AVAILABILITY = YES_AGGRESSIVE;
				CLANG_WARN_UNREACHABLE_CODE = YES;
				CLANG_WARN__DUPLICATE_METHOD_MATCH = YES;
				CODE_SIGN_IDENTITY = "iPhone Developer";
				COPY_PHASE_STRIP = NO;
				DEBUG_INFORMATION_FORMAT = "dwarf-with-dsym";
				ENABLE_NS_ASSERTIONS = NO;
				ENABLE_STRICT_OBJC_MSGSEND = YES;
				GCC_C_LANGUAGE_STANDARD = gnu11;
				GCC_NO_COMMON_BLOCKS = YES;
				GCC_WARN_64_TO_32_BIT_CONVERSION = YES;
				GCC_WARN_ABOUT_RETURN_TYPE = YES_ERROR;
				GCC_WARN_UNDECLARED_SELECTOR = YES;
				GCC_WARN_UNINITIALIZED_AUTOS = YES_AGGRESSIVE;
				GCC_WARN_UNUSED_FUNCTION = YES;
				GCC_WARN_UNUSED_VARIABLE = YES;
				IPHONEOS_DEPLOYMENT_TARGET = 12.4;
				MTL_ENABLE_DEBUG_INFO = NO;
				MTL_FAST_MATH = YES;
				SDKROOT = iphoneos;
				SWIFT_COMPILATION_MODE = wholemodule;
				SWIFT_OPTIMIZATION_LEVEL = "-O";
				VALIDATE_PRODUCT = YES;
			};
			name = Release;
		};
		FB0C331D2323E914000DB061 /* Debug */ = {
			isa = XCBuildConfiguration;
			buildSettings = {
				ASSETCATALOG_COMPILER_APPICON_NAME = AppIcon;
				CODE_SIGN_STYLE = Automatic;
				DEVELOPMENT_TEAM = NS5LJBU7FN;
				INFOPLIST_FILE = FlickerAPP/Info.plist;
				LD_RUNPATH_SEARCH_PATHS = (
					"$(inherited)",
					"@executable_path/Frameworks",
				);
				PRODUCT_BUNDLE_IDENTIFIER = nb.FlickerAPP;
				PRODUCT_NAME = "$(TARGET_NAME)";
				SWIFT_VERSION = 5.0;
				TARGETED_DEVICE_FAMILY = "1,2";
			};
			name = Debug;
		};
		FB0C331E2323E914000DB061 /* Release */ = {
			isa = XCBuildConfiguration;
			buildSettings = {
				ASSETCATALOG_COMPILER_APPICON_NAME = AppIcon;
				CODE_SIGN_STYLE = Automatic;
				DEVELOPMENT_TEAM = NS5LJBU7FN;
				INFOPLIST_FILE = FlickerAPP/Info.plist;
				LD_RUNPATH_SEARCH_PATHS = (
					"$(inherited)",
					"@executable_path/Frameworks",
				);
				PRODUCT_BUNDLE_IDENTIFIER = nb.FlickerAPP;
				PRODUCT_NAME = "$(TARGET_NAME)";
				SWIFT_VERSION = 5.0;
				TARGETED_DEVICE_FAMILY = "1,2";
			};
			name = Release;
		};
		FB0C33202323E914000DB061 /* Debug */ = {
			isa = XCBuildConfiguration;
			buildSettings = {
				ALWAYS_EMBED_SWIFT_STANDARD_LIBRARIES = YES;
				BUNDLE_LOADER = "$(TEST_HOST)";
				CODE_SIGN_STYLE = Automatic;
				INFOPLIST_FILE = FlickerAPPTests/Info.plist;
				LD_RUNPATH_SEARCH_PATHS = (
					"$(inherited)",
					"@executable_path/Frameworks",
					"@loader_path/Frameworks",
				);
				PRODUCT_BUNDLE_IDENTIFIER = nb.FlickerAPPTests;
				PRODUCT_NAME = "$(TARGET_NAME)";
				SWIFT_VERSION = 5.0;
				TARGETED_DEVICE_FAMILY = "1,2";
				TEST_HOST = "$(BUILT_PRODUCTS_DIR)/FlickerAPP.app/FlickerAPP";
			};
			name = Debug;
		};
		FB0C33212323E914000DB061 /* Release */ = {
			isa = XCBuildConfiguration;
			buildSettings = {
				ALWAYS_EMBED_SWIFT_STANDARD_LIBRARIES = YES;
				BUNDLE_LOADER = "$(TEST_HOST)";
				CODE_SIGN_STYLE = Automatic;
				INFOPLIST_FILE = FlickerAPPTests/Info.plist;
				LD_RUNPATH_SEARCH_PATHS = (
					"$(inherited)",
					"@executable_path/Frameworks",
					"@loader_path/Frameworks",
				);
				PRODUCT_BUNDLE_IDENTIFIER = nb.FlickerAPPTests;
				PRODUCT_NAME = "$(TARGET_NAME)";
				SWIFT_VERSION = 5.0;
				TARGETED_DEVICE_FAMILY = "1,2";
				TEST_HOST = "$(BUILT_PRODUCTS_DIR)/FlickerAPP.app/FlickerAPP";
			};
			name = Release;
		};
		FB0C33232323E914000DB061 /* Debug */ = {
			isa = XCBuildConfiguration;
			buildSettings = {
				ALWAYS_EMBED_SWIFT_STANDARD_LIBRARIES = YES;
				CODE_SIGN_STYLE = Automatic;
				INFOPLIST_FILE = FlickerAPPUITests/Info.plist;
				LD_RUNPATH_SEARCH_PATHS = (
					"$(inherited)",
					"@executable_path/Frameworks",
					"@loader_path/Frameworks",
				);
				PRODUCT_BUNDLE_IDENTIFIER = nb.FlickerAPPUITests;
				PRODUCT_NAME = "$(TARGET_NAME)";
				SWIFT_VERSION = 5.0;
				TARGETED_DEVICE_FAMILY = "1,2";
				TEST_TARGET_NAME = FlickerAPP;
			};
			name = Debug;
		};
		FB0C33242323E914000DB061 /* Release */ = {
			isa = XCBuildConfiguration;
			buildSettings = {
				ALWAYS_EMBED_SWIFT_STANDARD_LIBRARIES = YES;
				CODE_SIGN_STYLE = Automatic;
				INFOPLIST_FILE = FlickerAPPUITests/Info.plist;
				LD_RUNPATH_SEARCH_PATHS = (
					"$(inherited)",
					"@executable_path/Frameworks",
					"@loader_path/Frameworks",
				);
				PRODUCT_BUNDLE_IDENTIFIER = nb.FlickerAPPUITests;
				PRODUCT_NAME = "$(TARGET_NAME)";
				SWIFT_VERSION = 5.0;
				TARGETED_DEVICE_FAMILY = "1,2";
				TEST_TARGET_NAME = FlickerAPP;
			};
			name = Release;
		};
/* End XCBuildConfiguration section */

/* Begin XCConfigurationList section */
		FB0C32EF2323E912000DB061 /* Build configuration list for PBXProject "FlickerAPP" */ = {
			isa = XCConfigurationList;
			buildConfigurations = (
				FB0C331A2323E914000DB061 /* Debug */,
				FB0C331B2323E914000DB061 /* Release */,
			);
			defaultConfigurationIsVisible = 0;
			defaultConfigurationName = Release;
		};
		FB0C331C2323E914000DB061 /* Build configuration list for PBXNativeTarget "FlickerAPP" */ = {
			isa = XCConfigurationList;
			buildConfigurations = (
				FB0C331D2323E914000DB061 /* Debug */,
				FB0C331E2323E914000DB061 /* Release */,
			);
			defaultConfigurationIsVisible = 0;
			defaultConfigurationName = Release;
		};
		FB0C331F2323E914000DB061 /* Build configuration list for PBXNativeTarget "FlickerAPPTests" */ = {
			isa = XCConfigurationList;
			buildConfigurations = (
				FB0C33202323E914000DB061 /* Debug */,
				FB0C33212323E914000DB061 /* Release */,
			);
			defaultConfigurationIsVisible = 0;
			defaultConfigurationName = Release;
		};
		FB0C33222323E914000DB061 /* Build configuration list for PBXNativeTarget "FlickerAPPUITests" */ = {
			isa = XCConfigurationList;
			buildConfigurations = (
				FB0C33232323E914000DB061 /* Debug */,
				FB0C33242323E914000DB061 /* Release */,
			);
			defaultConfigurationIsVisible = 0;
			defaultConfigurationName = Release;
		};
/* End XCConfigurationList section */
	};
	rootObject = FB0C32EC2323E912000DB061 /* Project object */;
}
